
Microsoft Visual Studio Solution File, Format Version 12.00
# Visual Studio Version 17
VisualStudioVersion = 17.0.31919.166
MinimumVisualStudioVersion = 10.0.40219.1
Project("{FAE04EC0-301F-11D3-BF4B-00C04F79EFBC}") = "UC11_CALCULADORA", "UC11_CALCULADORA\UC11_CALCULADORA.csproj", "{4166B8A9-1508-4E96-A68B-9349F9FA0563}"
EndProject
Global
	GlobalSection(SolutionConfigurationPlatforms) = preSolution
		Debug|Any CPU = Debug|Any CPU
		Release|Any CPU = Release|Any CPU
	EndGlobalSection
	GlobalSection(ProjectConfigurationPlatforms) = postSolution
		{4166B8A9-1508-4E96-A68B-9349F9FA0563}.Debug|Any CPU.ActiveCfg = Debug|Any CPU
		{4166B8A9-1508-4E96-A68B-9349F9FA0563}.Debug|Any CPU.Build.0 = Debug|Any CPU
		{4166B8A9-1508-4E96-A68B-9349F9FA0563}.Release|Any CPU.ActiveCfg = Release|Any CPU
		{4166B8A9-1508-4E96-A68B-9349F9FA0563}.Release|Any CPU.Build.0 = Release|Any CPU
	EndGlobalSection
	GlobalSection(SolutionProperties) = preSolution
		HideSolutionNode = FALSE
	EndGlobalSection
	GlobalSection(ExtensibilityGlobals) = postSolution
		SolutionGuid = {FCC736CF-3C5C-401F-ABD1-89EF98894D06}
	EndGlobalSection
EndGlobal
